{
  "name": "default",
  "lockfileVersion": 3,
  "requires": true,
  "packages": {
    "": {
      "dependencies": {
        "@types/lodash": "^4.14.201",
        "@types/screeps": "^3.3.6"
      }
    },
    "node_modules/@types/lodash": {
      "version": "4.14.201",
      "resolved": "https://registry.npmjs.org/@types/lodash/-/lodash-4.14.201.tgz",
      "integrity": "sha512-y9euML0cim1JrykNxADLfaG0FgD1g/yTHwUs/Jg9ZIU7WKj2/4IW9Lbb1WZbvck78W/lfGXFfe+u2EGfIJXdLQ=="
    },
    "node_modules/@types/screeps": {
      "version": "3.3.6",
      "resolved": "https://registry.npmjs.org/@types/screeps/-/screeps-3.3.6.tgz",
      "integrity": "sha512-X+ZLPVpnvFjBx2W0hETDPbqHaYdNwwfTFVbzkTcg9dpbleIYuNgsqfspMEXrVSpr/ifXZH56QbGwUuJYppYeAw=="
    }
  }
}
